// !$*UTF8*$!
{
	archiveVersion = 1;
	classes = {
	};
	objectVersion = 50;
	objects = {

/* Begin PBXBuildFile section */
		2A70C1996CF85EF171BC7DC2 /* Pods_BurgersTests.framework in Frameworks */ = {isa = PBXBuildFile; fileRef = B97FA64806FF1836F0BE63D7 /* Pods_BurgersTests.framework */; };
		6F1C6B6B224A7940008ACDE7 /* Reactive+UISearchBar.swift in Sources */ = {isa = PBXBuildFile; fileRef = 6F1C6B6A224A7940008ACDE7 /* Reactive+UISearchBar.swift */; };
		6F1C6B6D224A7950008ACDE7 /* UINavigationController+Pop.swift in Sources */ = {isa = PBXBuildFile; fileRef = 6F1C6B6C224A7950008ACDE7 /* UINavigationController+Pop.swift */; };
		6F3C50D122257C5700F1D465 /* String+Localized.swift in Sources */ = {isa = PBXBuildFile; fileRef = 6F3C50D022257C5700F1D465 /* String+Localized.swift */; };
		6F48FC142233E03800A9AA33 /* Logger.swift in Sources */ = {isa = PBXBuildFile; fileRef = 6F48FC132233E03800A9AA33 /* Logger.swift */; };
		6F48FC162233E2E200A9AA33 /* GoogleService-Info.plist in Resources */ = {isa = PBXBuildFile; fileRef = 6F48FC152233E2E200A9AA33 /* GoogleService-Info.plist */; };
		6F48FC182233E91300A9AA33 /* UIButton+Indicator.swift in Sources */ = {isa = PBXBuildFile; fileRef = 6F48FC172233E91300A9AA33 /* UIButton+Indicator.swift */; };
		6F48FC1B2234038300A9AA33 /* Loading.swift in Sources */ = {isa = PBXBuildFile; fileRef = 6F48FC1A2234038300A9AA33 /* Loading.swift */; };
		6F48FC1F2234176D00A9AA33 /* Localizable.strings in Resources */ = {isa = PBXBuildFile; fileRef = 6F48FC212234176D00A9AA33 /* Localizable.strings */; };
		6F48FC24223417DF00A9AA33 /* Main.storyboard in Resources */ = {isa = PBXBuildFile; fileRef = 6F48FC26223417DF00A9AA33 /* Main.storyboard */; };
		6F49884B22478DED00222E18 /* BaseViewController.swift in Sources */ = {isa = PBXBuildFile; fileRef = 6F49884A22478DED00222E18 /* BaseViewController.swift */; };
		6F4988502247A86200222E18 /* PostViewController.swift in Sources */ = {isa = PBXBuildFile; fileRef = 6F49884F2247A86200222E18 /* PostViewController.swift */; };
		6F4988522247A86B00222E18 /* PostDetailViewController.swift in Sources */ = {isa = PBXBuildFile; fileRef = 6F4988512247A86B00222E18 /* PostDetailViewController.swift */; };
		6F4988542247A87500222E18 /* RestaurantViewController.swift in Sources */ = {isa = PBXBuildFile; fileRef = 6F4988532247A87500222E18 /* RestaurantViewController.swift */; };
		6F4988562247A87F00222E18 /* PostViewModel.swift in Sources */ = {isa = PBXBuildFile; fileRef = 6F4988552247A87F00222E18 /* PostViewModel.swift */; };
		6F4988582247A88A00222E18 /* PostDetailViewModel.swift in Sources */ = {isa = PBXBuildFile; fileRef = 6F4988572247A88A00222E18 /* PostDetailViewModel.swift */; };
		6F49885A2247A89400222E18 /* RestaurantViewModel.swift in Sources */ = {isa = PBXBuildFile; fileRef = 6F4988592247A89400222E18 /* RestaurantViewModel.swift */; };
		6F49885D2247CA0100222E18 /* Place.swift in Sources */ = {isa = PBXBuildFile; fileRef = 6F49885C2247CA0100222E18 /* Place.swift */; };
		6F49885F2247CA1800222E18 /* PlaceResult.swift in Sources */ = {isa = PBXBuildFile; fileRef = 6F49885E2247CA1800222E18 /* PlaceResult.swift */; };
		6F4988612247CA3E00222E18 /* ModelType.swift in Sources */ = {isa = PBXBuildFile; fileRef = 6F4988602247CA3E00222E18 /* ModelType.swift */; };
		6F4988632247CCA400222E18 /* Meta.swift in Sources */ = {isa = PBXBuildFile; fileRef = 6F4988622247CCA400222E18 /* Meta.swift */; };
		6F4988652247D0DD00222E18 /* NaverAPIService.swift in Sources */ = {isa = PBXBuildFile; fileRef = 6F4988642247D0DD00222E18 /* NaverAPIService.swift */; };
		6F79A03D2223DB250030AAD4 /* AppDelegate.swift in Sources */ = {isa = PBXBuildFile; fileRef = 6F79A03C2223DB250030AAD4 /* AppDelegate.swift */; };
		6F79A03F2223DB250030AAD4 /* MainTabViewController.swift in Sources */ = {isa = PBXBuildFile; fileRef = 6F79A03E2223DB250030AAD4 /* MainTabViewController.swift */; };
		6F79A0442223DB260030AAD4 /* Assets.xcassets in Resources */ = {isa = PBXBuildFile; fileRef = 6F79A0432223DB260030AAD4 /* Assets.xcassets */; };
		6F79A0472223DB260030AAD4 /* LaunchScreen.storyboard in Resources */ = {isa = PBXBuildFile; fileRef = 6F79A0452223DB260030AAD4 /* LaunchScreen.storyboard */; };
		6F79A0522223DB260030AAD4 /* BurgersTests.swift in Sources */ = {isa = PBXBuildFile; fileRef = 6F79A0512223DB260030AAD4 /* BurgersTests.swift */; };
		6F79A0682223E1360030AAD4 /* ViewModelType.swift in Sources */ = {isa = PBXBuildFile; fileRef = 6F79A0672223E1360030AAD4 /* ViewModelType.swift */; };
		6F79A06A2223E14E0030AAD4 /* ViewType.swift in Sources */ = {isa = PBXBuildFile; fileRef = 6F79A0692223E14E0030AAD4 /* ViewType.swift */; };
		6F79A06C2223E6D30030AAD4 /* UIView+SafeArea.swift in Sources */ = {isa = PBXBuildFile; fileRef = 6F79A06B2223E6D30030AAD4 /* UIView+SafeArea.swift */; };
		6F8C8F152223FB6D005B76F9 /* SuggestedViewController.swift in Sources */ = {isa = PBXBuildFile; fileRef = 6F8C8F142223FB6D005B76F9 /* SuggestedViewController.swift */; };
		6F8C8F172223FB91005B76F9 /* SuggestedViewModel.swift in Sources */ = {isa = PBXBuildFile; fileRef = 6F8C8F162223FB91005B76F9 /* SuggestedViewModel.swift */; };
		6F8DCCF02230148C00C5B90E /* SplashViewController.swift in Sources */ = {isa = PBXBuildFile; fileRef = 6F8DCCEF2230148C00C5B90E /* SplashViewController.swift */; };
		6F8DCCF22230149A00C5B90E /* SplashViewModel.swift in Sources */ = {isa = PBXBuildFile; fileRef = 6F8DCCF12230149A00C5B90E /* SplashViewModel.swift */; };
		6F8DCCF4223014A500C5B90E /* LoginViewModel.swift in Sources */ = {isa = PBXBuildFile; fileRef = 6F8DCCF3223014A500C5B90E /* LoginViewModel.swift */; };
		6F8DCCF6223014B200C5B90E /* LoginViewController.swift in Sources */ = {isa = PBXBuildFile; fileRef = 6F8DCCF5223014B200C5B90E /* LoginViewController.swift */; };
		6F919815223D146F00F42161 /* InfoPlist.strings in Resources */ = {isa = PBXBuildFile; fileRef = 6F919817223D146F00F42161 /* InfoPlist.strings */; };
		6F941C00222400B3009E326F /* UserViewController.swift in Sources */ = {isa = PBXBuildFile; fileRef = 6F941BFF222400B3009E326F /* UserViewController.swift */; };
		6F941C02222400CD009E326F /* UserViewModel.swift in Sources */ = {isa = PBXBuildFile; fileRef = 6F941C01222400CD009E326F /* UserViewModel.swift */; };
		6F941C04222400E1009E326F /* MapViewModel.swift in Sources */ = {isa = PBXBuildFile; fileRef = 6F941C03222400E1009E326F /* MapViewModel.swift */; };
		6F941C06222400EB009E326F /* MapViewController.swift in Sources */ = {isa = PBXBuildFile; fileRef = 6F941C05222400EB009E326F /* MapViewController.swift */; };
		6FC360D322352526005CFE3A /* DatabaseService.swift in Sources */ = {isa = PBXBuildFile; fileRef = 6FC360D222352526005CFE3A /* DatabaseService.swift */; };
		6FC360D72235287D005CFE3A /* RemoteConfigManager.swift in Sources */ = {isa = PBXBuildFile; fileRef = 6FC360D62235287D005CFE3A /* RemoteConfigManager.swift */; };
		6FC48F37222EBA44007E0B3A /* MapKit.framework in Frameworks */ = {isa = PBXBuildFile; fileRef = 6FC48F36222EBA44007E0B3A /* MapKit.framework */; };
		6FD7D2E0222A3327005BBFEC /* RecentViewController.swift in Sources */ = {isa = PBXBuildFile; fileRef = 6FD7D2DF222A3327005BBFEC /* RecentViewController.swift */; };
		6FD7D2E2222A3335005BBFEC /* RecentViewModel.swift in Sources */ = {isa = PBXBuildFile; fileRef = 6FD7D2E1222A3335005BBFEC /* RecentViewModel.swift */; };
		6FD7D2E5222A3347005BBFEC /* PopularViewModel.swift in Sources */ = {isa = PBXBuildFile; fileRef = 6FD7D2E4222A3347005BBFEC /* PopularViewModel.swift */; };
		6FD7D2E7222A3351005BBFEC /* PopularViewController.swift in Sources */ = {isa = PBXBuildFile; fileRef = 6FD7D2E6222A3351005BBFEC /* PopularViewController.swift */; };
		6FD7D2E9222A37AF005BBFEC /* BurgerPostCell.swift in Sources */ = {isa = PBXBuildFile; fileRef = 6FD7D2E8222A37AF005BBFEC /* BurgerPostCell.swift */; };
		6FD7D2EB222A39F2005BBFEC /* UIColor+BaseColor.swift in Sources */ = {isa = PBXBuildFile; fileRef = 6FD7D2EA222A39F2005BBFEC /* UIColor+BaseColor.swift */; };
		6FD7D2ED222A41D2005BBFEC /* Reactive+UIViewController.swift in Sources */ = {isa = PBXBuildFile; fileRef = 6FD7D2EC222A41D2005BBFEC /* Reactive+UIViewController.swift */; };
		6FD7D2EF222A55DF005BBFEC /* Post.swift in Sources */ = {isa = PBXBuildFile; fileRef = 6FD7D2EE222A55DF005BBFEC /* Post.swift */; };
		6FD7D2F2222A7307005BBFEC /* AuthService.swift in Sources */ = {isa = PBXBuildFile; fileRef = 6FD7D2F1222A7307005BBFEC /* AuthService.swift */; };
		6FD7D2F4222A7321005BBFEC /* ServiceType.swift in Sources */ = {isa = PBXBuildFile; fileRef = 6FD7D2F3222A7321005BBFEC /* ServiceType.swift */; };
		6FE3CBCF223396C200F45C23 /* SignUpViewController.swift in Sources */ = {isa = PBXBuildFile; fileRef = 6FE3CBCE223396C200F45C23 /* SignUpViewController.swift */; };
		6FE3CBD1223396D700F45C23 /* SignUpViewModel.swift in Sources */ = {isa = PBXBuildFile; fileRef = 6FE3CBD0223396D700F45C23 /* SignUpViewModel.swift */; };
		6FE3CBD32233A0D800F45C23 /* String+Validation.swift in Sources */ = {isa = PBXBuildFile; fileRef = 6FE3CBD22233A0D800F45C23 /* String+Validation.swift */; };
		6FE9E440223145E100D961ED /* Window+SetRootView.swift in Sources */ = {isa = PBXBuildFile; fileRef = 6FE9E43F223145E100D961ED /* Window+SetRootView.swift */; };
		A588D48A7E1FF54415C5B408 /* Pods_Burgers.framework in Frameworks */ = {isa = PBXBuildFile; fileRef = 51DAED2A31C310005D4942B9 /* Pods_Burgers.framework */; };
/* End PBXBuildFile section */

/* Begin PBXContainerItemProxy section */
		6F79A04E2223DB260030AAD4 /* PBXContainerItemProxy */ = {
			isa = PBXContainerItemProxy;
			containerPortal = 6F79A0312223DB250030AAD4 /* Project object */;
			proxyType = 1;
			remoteGlobalIDString = 6F79A0382223DB250030AAD4;
			remoteInfo = Burgers;
		};
/* End PBXContainerItemProxy section */

/* Begin PBXFileReference section */
		1FE6FA2F289EEA03AF359992 /* Pods-Burgers.release.xcconfig */ = {isa = PBXFileReference; includeInIndex = 1; lastKnownFileType = text.xcconfig; name = "Pods-Burgers.release.xcconfig"; path = "Pods/Target Support Files/Pods-Burgers/Pods-Burgers.release.xcconfig"; sourceTree = "<group>"; };
		4A6ABEBCB65CF7671608D432 /* Pods-BurgersTests.release.xcconfig */ = {isa = PBXFileReference; includeInIndex = 1; lastKnownFileType = text.xcconfig; name = "Pods-BurgersTests.release.xcconfig"; path = "Pods/Target Support Files/Pods-BurgersTests/Pods-BurgersTests.release.xcconfig"; sourceTree = "<group>"; };
		51DAED2A31C310005D4942B9 /* Pods_Burgers.framework */ = {isa = PBXFileReference; explicitFileType = wrapper.framework; includeInIndex = 0; path = Pods_Burgers.framework; sourceTree = BUILT_PRODUCTS_DIR; };
		6D286A01AC7F45F622D37F92 /* Pods-Burgers.debug.xcconfig */ = {isa = PBXFileReference; includeInIndex = 1; lastKnownFileType = text.xcconfig; name = "Pods-Burgers.debug.xcconfig"; path = "Pods/Target Support Files/Pods-Burgers/Pods-Burgers.debug.xcconfig"; sourceTree = "<group>"; };
		6F0D74D0223D172900A9F1FD /* Info.plist */ = {isa = PBXFileReference; lastKnownFileType = text.plist.xml; path = Info.plist; sourceTree = "<group>"; };
		6F1C6B6A224A7940008ACDE7 /* Reactive+UISearchBar.swift */ = {isa = PBXFileReference; lastKnownFileType = sourcecode.swift; path = "Reactive+UISearchBar.swift"; sourceTree = "<group>"; };
		6F1C6B6C224A7950008ACDE7 /* UINavigationController+Pop.swift */ = {isa = PBXFileReference; lastKnownFileType = sourcecode.swift; path = "UINavigationController+Pop.swift"; sourceTree = "<group>"; };
		6F3C50D022257C5700F1D465 /* String+Localized.swift */ = {isa = PBXFileReference; lastKnownFileType = sourcecode.swift; path = "String+Localized.swift"; sourceTree = "<group>"; };
		6F48FC132233E03800A9AA33 /* Logger.swift */ = {isa = PBXFileReference; lastKnownFileType = sourcecode.swift; path = Logger.swift; sourceTree = "<group>"; };
		6F48FC152233E2E200A9AA33 /* GoogleService-Info.plist */ = {isa = PBXFileReference; fileEncoding = 4; lastKnownFileType = text.plist.xml; path = "GoogleService-Info.plist"; sourceTree = "<group>"; };
		6F48FC172233E91300A9AA33 /* UIButton+Indicator.swift */ = {isa = PBXFileReference; lastKnownFileType = sourcecode.swift; path = "UIButton+Indicator.swift"; sourceTree = "<group>"; };
		6F48FC1A2234038300A9AA33 /* Loading.swift */ = {isa = PBXFileReference; lastKnownFileType = sourcecode.swift; path = Loading.swift; sourceTree = "<group>"; };
		6F48FC202234176D00A9AA33 /* en */ = {isa = PBXFileReference; lastKnownFileType = text.plist.strings; name = en; path = en.lproj/Localizable.strings; sourceTree = "<group>"; };
		6F48FC22223417AE00A9AA33 /* ko */ = {isa = PBXFileReference; lastKnownFileType = text.plist.strings; name = ko; path = ko.lproj/LaunchScreen.strings; sourceTree = "<group>"; };
		6F48FC23223417AE00A9AA33 /* ko */ = {isa = PBXFileReference; lastKnownFileType = text.plist.strings; name = ko; path = ko.lproj/Localizable.strings; sourceTree = "<group>"; };
		6F48FC25223417DF00A9AA33 /* Base */ = {isa = PBXFileReference; lastKnownFileType = file.storyboard; name = Base; path = Base.lproj/Main.storyboard; sourceTree = "<group>"; };
		6F48FC28223417E000A9AA33 /* ko */ = {isa = PBXFileReference; lastKnownFileType = text.plist.strings; name = ko; path = ko.lproj/Main.strings; sourceTree = "<group>"; };
		6F49884A22478DED00222E18 /* BaseViewController.swift */ = {isa = PBXFileReference; lastKnownFileType = sourcecode.swift; path = BaseViewController.swift; sourceTree = "<group>"; };
		6F49884F2247A86200222E18 /* PostViewController.swift */ = {isa = PBXFileReference; lastKnownFileType = sourcecode.swift; path = PostViewController.swift; sourceTree = "<group>"; };
		6F4988512247A86B00222E18 /* PostDetailViewController.swift */ = {isa = PBXFileReference; lastKnownFileType = sourcecode.swift; path = PostDetailViewController.swift; sourceTree = "<group>"; };
		6F4988532247A87500222E18 /* RestaurantViewController.swift */ = {isa = PBXFileReference; lastKnownFileType = sourcecode.swift; path = RestaurantViewController.swift; sourceTree = "<group>"; };
		6F4988552247A87F00222E18 /* PostViewModel.swift */ = {isa = PBXFileReference; lastKnownFileType = sourcecode.swift; path = PostViewModel.swift; sourceTree = "<group>"; };
		6F4988572247A88A00222E18 /* PostDetailViewModel.swift */ = {isa = PBXFileReference; lastKnownFileType = sourcecode.swift; path = PostDetailViewModel.swift; sourceTree = "<group>"; };
		6F4988592247A89400222E18 /* RestaurantViewModel.swift */ = {isa = PBXFileReference; lastKnownFileType = sourcecode.swift; path = RestaurantViewModel.swift; sourceTree = "<group>"; };
		6F49885C2247CA0100222E18 /* Place.swift */ = {isa = PBXFileReference; lastKnownFileType = sourcecode.swift; path = Place.swift; sourceTree = "<group>"; };
		6F49885E2247CA1800222E18 /* PlaceResult.swift */ = {isa = PBXFileReference; lastKnownFileType = sourcecode.swift; path = PlaceResult.swift; sourceTree = "<group>"; };
		6F4988602247CA3E00222E18 /* ModelType.swift */ = {isa = PBXFileReference; lastKnownFileType = sourcecode.swift; path = ModelType.swift; sourceTree = "<group>"; };
		6F4988622247CCA400222E18 /* Meta.swift */ = {isa = PBXFileReference; lastKnownFileType = sourcecode.swift; path = Meta.swift; sourceTree = "<group>"; };
		6F4988642247D0DD00222E18 /* NaverAPIService.swift */ = {isa = PBXFileReference; lastKnownFileType = sourcecode.swift; name = NaverAPIService.swift; path = Burgers/Model/NaverAPIService.swift; sourceTree = SOURCE_ROOT; };
		6F79A0392223DB250030AAD4 /* Burgers.app */ = {isa = PBXFileReference; explicitFileType = wrapper.application; includeInIndex = 0; path = Burgers.app; sourceTree = BUILT_PRODUCTS_DIR; };
		6F79A03C2223DB250030AAD4 /* AppDelegate.swift */ = {isa = PBXFileReference; lastKnownFileType = sourcecode.swift; path = AppDelegate.swift; sourceTree = "<group>"; };
		6F79A03E2223DB250030AAD4 /* MainTabViewController.swift */ = {isa = PBXFileReference; lastKnownFileType = sourcecode.swift; path = MainTabViewController.swift; sourceTree = "<group>"; };
		6F79A0432223DB260030AAD4 /* Assets.xcassets */ = {isa = PBXFileReference; lastKnownFileType = folder.assetcatalog; path = Assets.xcassets; sourceTree = "<group>"; };
		6F79A0462223DB260030AAD4 /* Base */ = {isa = PBXFileReference; lastKnownFileType = file.storyboard; name = Base; path = Base.lproj/LaunchScreen.storyboard; sourceTree = "<group>"; };
		6F79A04D2223DB260030AAD4 /* BurgersTests.xctest */ = {isa = PBXFileReference; explicitFileType = wrapper.cfbundle; includeInIndex = 0; path = BurgersTests.xctest; sourceTree = BUILT_PRODUCTS_DIR; };
		6F79A0512223DB260030AAD4 /* BurgersTests.swift */ = {isa = PBXFileReference; lastKnownFileType = sourcecode.swift; path = BurgersTests.swift; sourceTree = "<group>"; };
		6F79A0532223DB260030AAD4 /* Info.plist */ = {isa = PBXFileReference; lastKnownFileType = text.plist.xml; path = Info.plist; sourceTree = "<group>"; };
		6F79A0672223E1360030AAD4 /* ViewModelType.swift */ = {isa = PBXFileReference; lastKnownFileType = sourcecode.swift; path = ViewModelType.swift; sourceTree = "<group>"; };
		6F79A0692223E14E0030AAD4 /* ViewType.swift */ = {isa = PBXFileReference; lastKnownFileType = sourcecode.swift; path = ViewType.swift; sourceTree = "<group>"; };
		6F79A06B2223E6D30030AAD4 /* UIView+SafeArea.swift */ = {isa = PBXFileReference; lastKnownFileType = sourcecode.swift; path = "UIView+SafeArea.swift"; sourceTree = "<group>"; };
		6F8C8F142223FB6D005B76F9 /* SuggestedViewController.swift */ = {isa = PBXFileReference; lastKnownFileType = sourcecode.swift; path = SuggestedViewController.swift; sourceTree = "<group>"; };
		6F8C8F162223FB91005B76F9 /* SuggestedViewModel.swift */ = {isa = PBXFileReference; lastKnownFileType = sourcecode.swift; path = SuggestedViewModel.swift; sourceTree = "<group>"; };
		6F8DCCEF2230148C00C5B90E /* SplashViewController.swift */ = {isa = PBXFileReference; lastKnownFileType = sourcecode.swift; path = SplashViewController.swift; sourceTree = "<group>"; };
		6F8DCCF12230149A00C5B90E /* SplashViewModel.swift */ = {isa = PBXFileReference; lastKnownFileType = sourcecode.swift; path = SplashViewModel.swift; sourceTree = "<group>"; };
		6F8DCCF3223014A500C5B90E /* LoginViewModel.swift */ = {isa = PBXFileReference; lastKnownFileType = sourcecode.swift; path = LoginViewModel.swift; sourceTree = "<group>"; };
		6F8DCCF5223014B200C5B90E /* LoginViewController.swift */ = {isa = PBXFileReference; lastKnownFileType = sourcecode.swift; path = LoginViewController.swift; sourceTree = "<group>"; };
		6F91980F223D13C000F42161 /* en */ = {isa = PBXFileReference; lastKnownFileType = text.plist.strings; name = en; path = en.lproj/LaunchScreen.strings; sourceTree = "<group>"; };
		6F919811223D13C300F42161 /* en */ = {isa = PBXFileReference; lastKnownFileType = text.plist.strings; name = en; path = en.lproj/Main.strings; sourceTree = "<group>"; };
		6F919816223D146F00F42161 /* en */ = {isa = PBXFileReference; lastKnownFileType = text.plist.strings; name = en; path = en.lproj/InfoPlist.strings; sourceTree = "<group>"; };
		6F919818223D147100F42161 /* ko */ = {isa = PBXFileReference; lastKnownFileType = text.plist.strings; name = ko; path = ko.lproj/InfoPlist.strings; sourceTree = "<group>"; };
		6F941BFF222400B3009E326F /* UserViewController.swift */ = {isa = PBXFileReference; lastKnownFileType = sourcecode.swift; path = UserViewController.swift; sourceTree = "<group>"; };
		6F941C01222400CD009E326F /* UserViewModel.swift */ = {isa = PBXFileReference; lastKnownFileType = sourcecode.swift; path = UserViewModel.swift; sourceTree = "<group>"; };
		6F941C03222400E1009E326F /* MapViewModel.swift */ = {isa = PBXFileReference; lastKnownFileType = sourcecode.swift; path = MapViewModel.swift; sourceTree = "<group>"; };
		6F941C05222400EB009E326F /* MapViewController.swift */ = {isa = PBXFileReference; lastKnownFileType = sourcecode.swift; path = MapViewController.swift; sourceTree = "<group>"; };
		6FC360D222352526005CFE3A /* DatabaseService.swift */ = {isa = PBXFileReference; lastKnownFileType = sourcecode.swift; path = DatabaseService.swift; sourceTree = "<group>"; };
		6FC360D62235287D005CFE3A /* RemoteConfigManager.swift */ = {isa = PBXFileReference; lastKnownFileType = sourcecode.swift; path = RemoteConfigManager.swift; sourceTree = "<group>"; };
		6FC48F36222EBA44007E0B3A /* MapKit.framework */ = {isa = PBXFileReference; lastKnownFileType = wrapper.framework; name = MapKit.framework; path = System/Library/Frameworks/MapKit.framework; sourceTree = SDKROOT; };
		6FD7D2DF222A3327005BBFEC /* RecentViewController.swift */ = {isa = PBXFileReference; lastKnownFileType = sourcecode.swift; path = RecentViewController.swift; sourceTree = "<group>"; };
		6FD7D2E1222A3335005BBFEC /* RecentViewModel.swift */ = {isa = PBXFileReference; lastKnownFileType = sourcecode.swift; path = RecentViewModel.swift; sourceTree = "<group>"; };
		6FD7D2E4222A3347005BBFEC /* PopularViewModel.swift */ = {isa = PBXFileReference; lastKnownFileType = sourcecode.swift; path = PopularViewModel.swift; sourceTree = "<group>"; };
		6FD7D2E6222A3351005BBFEC /* PopularViewController.swift */ = {isa = PBXFileReference; lastKnownFileType = sourcecode.swift; path = PopularViewController.swift; sourceTree = "<group>"; };
		6FD7D2E8222A37AF005BBFEC /* BurgerPostCell.swift */ = {isa = PBXFileReference; lastKnownFileType = sourcecode.swift; path = BurgerPostCell.swift; sourceTree = "<group>"; };
		6FD7D2EA222A39F2005BBFEC /* UIColor+BaseColor.swift */ = {isa = PBXFileReference; lastKnownFileType = sourcecode.swift; path = "UIColor+BaseColor.swift"; sourceTree = "<group>"; };
		6FD7D2EC222A41D2005BBFEC /* Reactive+UIViewController.swift */ = {isa = PBXFileReference; lastKnownFileType = sourcecode.swift; path = "Reactive+UIViewController.swift"; sourceTree = "<group>"; };
		6FD7D2EE222A55DF005BBFEC /* Post.swift */ = {isa = PBXFileReference; lastKnownFileType = sourcecode.swift; path = Post.swift; sourceTree = "<group>"; };
		6FD7D2F1222A7307005BBFEC /* AuthService.swift */ = {isa = PBXFileReference; lastKnownFileType = sourcecode.swift; path = AuthService.swift; sourceTree = "<group>"; };
		6FD7D2F3222A7321005BBFEC /* ServiceType.swift */ = {isa = PBXFileReference; lastKnownFileType = sourcecode.swift; path = ServiceType.swift; sourceTree = "<group>"; };
		6FE3CBCE223396C200F45C23 /* SignUpViewController.swift */ = {isa = PBXFileReference; lastKnownFileType = sourcecode.swift; path = SignUpViewController.swift; sourceTree = "<group>"; };
		6FE3CBD0223396D700F45C23 /* SignUpViewModel.swift */ = {isa = PBXFileReference; lastKnownFileType = sourcecode.swift; path = SignUpViewModel.swift; sourceTree = "<group>"; };
		6FE3CBD22233A0D800F45C23 /* String+Validation.swift */ = {isa = PBXFileReference; lastKnownFileType = sourcecode.swift; path = "String+Validation.swift"; sourceTree = "<group>"; };
		6FE9E43F223145E100D961ED /* Window+SetRootView.swift */ = {isa = PBXFileReference; lastKnownFileType = sourcecode.swift; path = "Window+SetRootView.swift"; sourceTree = "<group>"; };
		B97FA64806FF1836F0BE63D7 /* Pods_BurgersTests.framework */ = {isa = PBXFileReference; explicitFileType = wrapper.framework; includeInIndex = 0; path = Pods_BurgersTests.framework; sourceTree = BUILT_PRODUCTS_DIR; };
		FEC87D158B838582532254CA /* Pods-BurgersTests.debug.xcconfig */ = {isa = PBXFileReference; includeInIndex = 1; lastKnownFileType = text.xcconfig; name = "Pods-BurgersTests.debug.xcconfig"; path = "Pods/Target Support Files/Pods-BurgersTests/Pods-BurgersTests.debug.xcconfig"; sourceTree = "<group>"; };
/* End PBXFileReference section */

/* Begin PBXFrameworksBuildPhase section */
		6F79A0362223DB250030AAD4 /* Frameworks */ = {
			isa = PBXFrameworksBuildPhase;
			buildActionMask = 2147483647;
			files = (
				6FC48F37222EBA44007E0B3A /* MapKit.framework in Frameworks */,
				A588D48A7E1FF54415C5B408 /* Pods_Burgers.framework in Frameworks */,
			);
			runOnlyForDeploymentPostprocessing = 0;
		};
		6F79A04A2223DB260030AAD4 /* Frameworks */ = {
			isa = PBXFrameworksBuildPhase;
			buildActionMask = 2147483647;
			files = (
				2A70C1996CF85EF171BC7DC2 /* Pods_BurgersTests.framework in Frameworks */,
			);
			runOnlyForDeploymentPostprocessing = 0;
		};
/* End PBXFrameworksBuildPhase section */

/* Begin PBXGroup section */
		13F93CB97EC3089B426FCA2E /* Pods */ = {
			isa = PBXGroup;
			children = (
				6D286A01AC7F45F622D37F92 /* Pods-Burgers.debug.xcconfig */,
				1FE6FA2F289EEA03AF359992 /* Pods-Burgers.release.xcconfig */,
				FEC87D158B838582532254CA /* Pods-BurgersTests.debug.xcconfig */,
				4A6ABEBCB65CF7671608D432 /* Pods-BurgersTests.release.xcconfig */,
			);
			name = Pods;
			sourceTree = "<group>";
		};
		19C393064188463A788BBD0F /* Frameworks */ = {
			isa = PBXGroup;
			children = (
				6FC48F36222EBA44007E0B3A /* MapKit.framework */,
				51DAED2A31C310005D4942B9 /* Pods_Burgers.framework */,
				B97FA64806FF1836F0BE63D7 /* Pods_BurgersTests.framework */,
			);
			name = Frameworks;
			sourceTree = "<group>";
		};
		6F198FAB222ABD33007435B5 /* View */ = {
			isa = PBXGroup;
			children = (
				6FD7D2E8222A37AF005BBFEC /* BurgerPostCell.swift */,
			);
			path = View;
			sourceTree = "<group>";
		};
		6F48FC102233DFB700A9AA33 /* Logging */ = {
			isa = PBXGroup;
			children = (
				6F48FC132233E03800A9AA33 /* Logger.swift */,
			);
			path = Logging;
			sourceTree = "<group>";
		};
		6F48FC192234037700A9AA33 /* Types */ = {
			isa = PBXGroup;
			children = (
				6F48FC1A2234038300A9AA33 /* Loading.swift */,
			);
			path = Types;
			sourceTree = "<group>";
		};
		6F49884C2247A81B00222E18 /* Post */ = {
			isa = PBXGroup;
			children = (
				6F49884F2247A86200222E18 /* PostViewController.swift */,
				6F4988552247A87F00222E18 /* PostViewModel.swift */,
			);
			path = Post;
			sourceTree = "<group>";
		};
		6F49884D2247A83000222E18 /* PostDetail */ = {
			isa = PBXGroup;
			children = (
				6F4988512247A86B00222E18 /* PostDetailViewController.swift */,
				6F4988572247A88A00222E18 /* PostDetailViewModel.swift */,
			);
			path = PostDetail;
			sourceTree = "<group>";
		};
		6F49884E2247A83900222E18 /* Restaurant */ = {
			isa = PBXGroup;
			children = (
				6F4988532247A87500222E18 /* RestaurantViewController.swift */,
				6F4988592247A89400222E18 /* RestaurantViewModel.swift */,
			);
			path = Restaurant;
			sourceTree = "<group>";
		};
		6F79A0302223DB250030AAD4 = {
			isa = PBXGroup;
			children = (
				6F79A03B2223DB250030AAD4 /* Burgers */,
				6F79A0502223DB260030AAD4 /* BurgersTests */,
				6F79A03A2223DB250030AAD4 /* Products */,
				13F93CB97EC3089B426FCA2E /* Pods */,
				19C393064188463A788BBD0F /* Frameworks */,
			);
			sourceTree = "<group>";
		};
		6F79A03A2223DB250030AAD4 /* Products */ = {
			isa = PBXGroup;
			children = (
				6F79A0392223DB250030AAD4 /* Burgers.app */,
				6F79A04D2223DB260030AAD4 /* BurgersTests.xctest */,
			);
			name = Products;
			sourceTree = "<group>";
		};
		6F79A03B2223DB250030AAD4 /* Burgers */ = {
			isa = PBXGroup;
			children = (
				6F48FC192234037700A9AA33 /* Types */,
				6F48FC102233DFB700A9AA33 /* Logging */,
				6F79A05F2223DD0E0030AAD4 /* Model */,
				6FD7D2F0222A72F5005BBFEC /* Service */,
				6F79A0612223DD1C0030AAD4 /* ViewControllers */,
				6F198FAB222ABD33007435B5 /* View */,
				6F79A05C2223DB480030AAD4 /* Resources */,
				6F79A0622223DD5D0030AAD4 /* Utility */,
				6F79A03C2223DB250030AAD4 /* AppDelegate.swift */,
			);
			path = Burgers;
			sourceTree = "<group>";
		};
		6F79A0502223DB260030AAD4 /* BurgersTests */ = {
			isa = PBXGroup;
			children = (
				6F79A0512223DB260030AAD4 /* BurgersTests.swift */,
				6F79A0532223DB260030AAD4 /* Info.plist */,
			);
			path = BurgersTests;
			sourceTree = "<group>";
		};
		6F79A05C2223DB480030AAD4 /* Resources */ = {
			isa = PBXGroup;
			children = (
				6F48FC212234176D00A9AA33 /* Localizable.strings */,
				6F0D74D0223D172900A9F1FD /* Info.plist */,
				6F48FC152233E2E200A9AA33 /* GoogleService-Info.plist */,
				6F79A0432223DB260030AAD4 /* Assets.xcassets */,
				6F79A0452223DB260030AAD4 /* LaunchScreen.storyboard */,
				6F48FC26223417DF00A9AA33 /* Main.storyboard */,
				6F919817223D146F00F42161 /* InfoPlist.strings */,
			);
			path = Resources;
			sourceTree = "<group>";
		};
		6F79A05F2223DD0E0030AAD4 /* Model */ = {
			isa = PBXGroup;
			children = (
				6FD7D2EE222A55DF005BBFEC /* Post.swift */,
				6F49885C2247CA0100222E18 /* Place.swift */,
				6F49885E2247CA1800222E18 /* PlaceResult.swift */,
				6F4988602247CA3E00222E18 /* ModelType.swift */,
				6F4988622247CCA400222E18 /* Meta.swift */,
			);
			path = Model;
			sourceTree = "<group>";
		};
		6F79A0612223DD1C0030AAD4 /* ViewControllers */ = {
			isa = PBXGroup;
			children = (
				6F49884E2247A83900222E18 /* Restaurant */,
				6F49884D2247A83000222E18 /* PostDetail */,
				6F49884C2247A81B00222E18 /* Post */,
				6F79A0632223DD8B0030AAD4 /* Base */,
				6F8DCCED2230138800C5B90E /* Splash */,
				6F8DCCEE2230139000C5B90E /* Login */,
				6FE3CBCD223396B200F45C23 /* SignUp */,
				6FEB8B35222562E10064166E /* MainTab */,
			);
			path = ViewControllers;
			sourceTree = "<group>";
		};
		6F79A0622223DD5D0030AAD4 /* Utility */ = {
			isa = PBXGroup;
			children = (
				6F79A06B2223E6D30030AAD4 /* UIView+SafeArea.swift */,
				6F3C50D022257C5700F1D465 /* String+Localized.swift */,
				6FD7D2EA222A39F2005BBFEC /* UIColor+BaseColor.swift */,
				6FD7D2EC222A41D2005BBFEC /* Reactive+UIViewController.swift */,
				6FE9E43F223145E100D961ED /* Window+SetRootView.swift */,
				6FE3CBD22233A0D800F45C23 /* String+Validation.swift */,
				6F48FC172233E91300A9AA33 /* UIButton+Indicator.swift */,
				6F1C6B6A224A7940008ACDE7 /* Reactive+UISearchBar.swift */,
				6F1C6B6C224A7950008ACDE7 /* UINavigationController+Pop.swift */,
			);
			path = Utility;
			sourceTree = "<group>";
		};
		6F79A0632223DD8B0030AAD4 /* Base */ = {
			isa = PBXGroup;
			children = (
				6F79A0672223E1360030AAD4 /* ViewModelType.swift */,
				6F79A0692223E14E0030AAD4 /* ViewType.swift */,
				6F49884A22478DED00222E18 /* BaseViewController.swift */,
			);
			path = Base;
			sourceTree = "<group>";
		};
		6F79A0642223DD900030AAD4 /* Suggested */ = {
			isa = PBXGroup;
			children = (
				6FD7D2DD222A32FF005BBFEC /* Recent */,
				6FD7D2DE222A3311005BBFEC /* Popular */,
				6F8C8F142223FB6D005B76F9 /* SuggestedViewController.swift */,
				6F8C8F162223FB91005B76F9 /* SuggestedViewModel.swift */,
			);
			path = Suggested;
			sourceTree = "<group>";
		};
		6F79A0652223DF650030AAD4 /* User */ = {
			isa = PBXGroup;
			children = (
				6F941BFF222400B3009E326F /* UserViewController.swift */,
				6F941C01222400CD009E326F /* UserViewModel.swift */,
			);
			path = User;
			sourceTree = "<group>";
		};
		6F79A0662223DF730030AAD4 /* Map */ = {
			isa = PBXGroup;
			children = (
				6F941C05222400EB009E326F /* MapViewController.swift */,
				6F941C03222400E1009E326F /* MapViewModel.swift */,
			);
			path = Map;
			sourceTree = "<group>";
		};
		6F8DCCED2230138800C5B90E /* Splash */ = {
			isa = PBXGroup;
			children = (
				6F8DCCEF2230148C00C5B90E /* SplashViewController.swift */,
				6F8DCCF12230149A00C5B90E /* SplashViewModel.swift */,
			);
			path = Splash;
			sourceTree = "<group>";
		};
		6F8DCCEE2230139000C5B90E /* Login */ = {
			isa = PBXGroup;
			children = (
				6F8DCCF5223014B200C5B90E /* LoginViewController.swift */,
				6F8DCCF3223014A500C5B90E /* LoginViewModel.swift */,
			);
			path = Login;
			sourceTree = "<group>";
		};
		6FD7D2DD222A32FF005BBFEC /* Recent */ = {
			isa = PBXGroup;
			children = (
				6FD7D2DF222A3327005BBFEC /* RecentViewController.swift */,
				6FD7D2E1222A3335005BBFEC /* RecentViewModel.swift */,
			);
			path = Recent;
			sourceTree = "<group>";
		};
		6FD7D2DE222A3311005BBFEC /* Popular */ = {
			isa = PBXGroup;
			children = (
				6FD7D2E6222A3351005BBFEC /* PopularViewController.swift */,
				6FD7D2E4222A3347005BBFEC /* PopularViewModel.swift */,
			);
			path = Popular;
			sourceTree = "<group>";
		};
		6FD7D2F0222A72F5005BBFEC /* Service */ = {
			isa = PBXGroup;
			children = (
				6FD7D2F1222A7307005BBFEC /* AuthService.swift */,
				6FD7D2F3222A7321005BBFEC /* ServiceType.swift */,
				6FC360D222352526005CFE3A /* DatabaseService.swift */,
				6FC360D62235287D005CFE3A /* RemoteConfigManager.swift */,
				6F4988642247D0DD00222E18 /* NaverAPIService.swift */,
			);
			path = Service;
			sourceTree = "<group>";
		};
		6FE3CBCD223396B200F45C23 /* SignUp */ = {
			isa = PBXGroup;
			children = (
				6FE3CBCE223396C200F45C23 /* SignUpViewController.swift */,
				6FE3CBD0223396D700F45C23 /* SignUpViewModel.swift */,
			);
			path = SignUp;
			sourceTree = "<group>";
		};
		6FEB8B35222562E10064166E /* MainTab */ = {
			isa = PBXGroup;
			children = (
				6F79A03E2223DB250030AAD4 /* MainTabViewController.swift */,
				6F79A0642223DD900030AAD4 /* Suggested */,
				6F79A0662223DF730030AAD4 /* Map */,
				6F79A0652223DF650030AAD4 /* User */,
			);
			path = MainTab;
			sourceTree = "<group>";
		};
/* End PBXGroup section */

/* Begin PBXNativeTarget section */
		6F79A0382223DB250030AAD4 /* Burgers */ = {
			isa = PBXNativeTarget;
			buildConfigurationList = 6F79A0562223DB260030AAD4 /* Build configuration list for PBXNativeTarget "Burgers" */;
			buildPhases = (
				728075B0442766CC51823760 /* [CP] Check Pods Manifest.lock */,
				6F79A0352223DB250030AAD4 /* Sources */,
				6F79A0362223DB250030AAD4 /* Frameworks */,
				6F79A0372223DB250030AAD4 /* Resources */,
				723C33B782419D7320D66B93 /* [CP] Embed Pods Frameworks */,
				6F48FC1C2234098800A9AA33 /* ShellScript */,
			);
			buildRules = (
			);
			dependencies = (
			);
			name = Burgers;
			productName = Burgers;
			productReference = 6F79A0392223DB250030AAD4 /* Burgers.app */;
			productType = "com.apple.product-type.application";
		};
		6F79A04C2223DB260030AAD4 /* BurgersTests */ = {
			isa = PBXNativeTarget;
			buildConfigurationList = 6F79A0592223DB260030AAD4 /* Build configuration list for PBXNativeTarget "BurgersTests" */;
			buildPhases = (
				C93E12F419F8CD78CAD99609 /* [CP] Check Pods Manifest.lock */,
				6F79A0492223DB260030AAD4 /* Sources */,
				6F79A04A2223DB260030AAD4 /* Frameworks */,
				6F79A04B2223DB260030AAD4 /* Resources */,
			);
			buildRules = (
			);
			dependencies = (
				6F79A04F2223DB260030AAD4 /* PBXTargetDependency */,
			);
			name = BurgersTests;
			productName = BurgersTests;
			productReference = 6F79A04D2223DB260030AAD4 /* BurgersTests.xctest */;
			productType = "com.apple.product-type.bundle.unit-test";
		};
/* End PBXNativeTarget section */

/* Begin PBXProject section */
		6F79A0312223DB250030AAD4 /* Project object */ = {
			isa = PBXProject;
			attributes = {
				LastSwiftUpdateCheck = 1000;
				LastUpgradeCheck = 1000;
				ORGANIZATIONNAME = "Tae joong Yoon";
				TargetAttributes = {
					6F79A0382223DB250030AAD4 = {
						CreatedOnToolsVersion = 10.0;
						SystemCapabilities = {
							com.apple.Maps.iOS = {
								enabled = 1;
							};
						};
					};
					6F79A04C2223DB260030AAD4 = {
						CreatedOnToolsVersion = 10.0;
						TestTargetID = 6F79A0382223DB250030AAD4;
					};
				};
			};
			buildConfigurationList = 6F79A0342223DB250030AAD4 /* Build configuration list for PBXProject "Burgers" */;
			compatibilityVersion = "Xcode 9.3";
			developmentRegion = en;
			hasScannedForEncodings = 0;
			knownRegions = (
				en,
				Base,
				ko,
			);
			mainGroup = 6F79A0302223DB250030AAD4;
			productRefGroup = 6F79A03A2223DB250030AAD4 /* Products */;
			projectDirPath = "";
			projectRoot = "";
			targets = (
				6F79A0382223DB250030AAD4 /* Burgers */,
				6F79A04C2223DB260030AAD4 /* BurgersTests */,
			);
		};
/* End PBXProject section */

/* Begin PBXResourcesBuildPhase section */
		6F79A0372223DB250030AAD4 /* Resources */ = {
			isa = PBXResourcesBuildPhase;
			buildActionMask = 2147483647;
			files = (
				6F79A0472223DB260030AAD4 /* LaunchScreen.storyboard in Resources */,
				6F919815223D146F00F42161 /* InfoPlist.strings in Resources */,
				6F48FC162233E2E200A9AA33 /* GoogleService-Info.plist in Resources */,
				6F48FC24223417DF00A9AA33 /* Main.storyboard in Resources */,
				6F79A0442223DB260030AAD4 /* Assets.xcassets in Resources */,
				6F48FC1F2234176D00A9AA33 /* Localizable.strings in Resources */,
			);
			runOnlyForDeploymentPostprocessing = 0;
		};
		6F79A04B2223DB260030AAD4 /* Resources */ = {
			isa = PBXResourcesBuildPhase;
			buildActionMask = 2147483647;
			files = (
			);
			runOnlyForDeploymentPostprocessing = 0;
		};
/* End PBXResourcesBuildPhase section */

/* Begin PBXShellScriptBuildPhase section */
		6F48FC1C2234098800A9AA33 /* ShellScript */ = {
			isa = PBXShellScriptBuildPhase;
			buildActionMask = 2147483647;
			files = (
			);
			inputPaths = (
				"$(BUILT_PRODUCTS_DIR)/$(INFOPLIST_PATH)",
			);
			outputPaths = (
			);
			runOnlyForDeploymentPostprocessing = 0;
			shellPath = /bin/sh;
			shellScript = "\"${PODS_ROOT}/Fabric/run\" de4efb67a6c4ebe14f4f820e135023a1876b2949 20d434a9f0fa7a5ebf20faa6d5bb725098855eb8ac03a8a2ddbd264ac4d450b3\n";
		};
		723C33B782419D7320D66B93 /* [CP] Embed Pods Frameworks */ = {
			isa = PBXShellScriptBuildPhase;
			buildActionMask = 2147483647;
			files = (
			);
			inputPaths = (
				"${SRCROOT}/Pods/Target Support Files/Pods-Burgers/Pods-Burgers-frameworks.sh",
				"${BUILT_PRODUCTS_DIR}/Alamofire/Alamofire.framework",
				"${BUILT_PRODUCTS_DIR}/Bolts/Bolts.framework",
				"${BUILT_PRODUCTS_DIR}/BoringSSL-GRPC/openssl_grpc.framework",
				"${BUILT_PRODUCTS_DIR}/CocoaLumberjack/CocoaLumberjack.framework",
				"${BUILT_PRODUCTS_DIR}/Cosmos/Cosmos.framework",
				"${BUILT_PRODUCTS_DIR}/FBSDKCoreKit/FBSDKCoreKit.framework",
				"${BUILT_PRODUCTS_DIR}/FBSDKLoginKit/FBSDKLoginKit.framework",
				"${BUILT_PRODUCTS_DIR}/GTMSessionFetcher/GTMSessionFetcher.framework",
				"${BUILT_PRODUCTS_DIR}/GoogleUtilities/GoogleUtilities.framework",
				"${BUILT_PRODUCTS_DIR}/Kingfisher/Kingfisher.framework",
				"${PODS_ROOT}/NMapsMap/framework/NMapsMap.framework",
				"${BUILT_PRODUCTS_DIR}/Protobuf/Protobuf.framework",
				"${BUILT_PRODUCTS_DIR}/ReusableKit/ReusableKit.framework",
				"${BUILT_PRODUCTS_DIR}/RxAtomic/RxAtomic.framework",
				"${BUILT_PRODUCTS_DIR}/RxCocoa/RxCocoa.framework",
				"${BUILT_PRODUCTS_DIR}/RxSwift/RxSwift.framework",
				"${BUILT_PRODUCTS_DIR}/SnapKit/SnapKit.framework",
				"${BUILT_PRODUCTS_DIR}/TLPhotoPicker/TLPhotoPicker.framework",
				"${BUILT_PRODUCTS_DIR}/Then/Then.framework",
				"${BUILT_PRODUCTS_DIR}/Toaster/Toaster.framework",
				"${BUILT_PRODUCTS_DIR}/gRPC-C++/grpcpp.framework",
				"${BUILT_PRODUCTS_DIR}/gRPC-Core/grpc.framework",
				"${BUILT_PRODUCTS_DIR}/leveldb-library/leveldb.framework",
				"${BUILT_PRODUCTS_DIR}/nanopb/nanopb.framework",
			);
			name = "[CP] Embed Pods Frameworks";
			outputPaths = (
				"${TARGET_BUILD_DIR}/${FRAMEWORKS_FOLDER_PATH}/Alamofire.framework",
				"${TARGET_BUILD_DIR}/${FRAMEWORKS_FOLDER_PATH}/Bolts.framework",
				"${TARGET_BUILD_DIR}/${FRAMEWORKS_FOLDER_PATH}/openssl_grpc.framework",
				"${TARGET_BUILD_DIR}/${FRAMEWORKS_FOLDER_PATH}/CocoaLumberjack.framework",
				"${TARGET_BUILD_DIR}/${FRAMEWORKS_FOLDER_PATH}/Cosmos.framework",
				"${TARGET_BUILD_DIR}/${FRAMEWORKS_FOLDER_PATH}/FBSDKCoreKit.framework",
				"${TARGET_BUILD_DIR}/${FRAMEWORKS_FOLDER_PATH}/FBSDKLoginKit.framework",
				"${TARGET_BUILD_DIR}/${FRAMEWORKS_FOLDER_PATH}/GTMSessionFetcher.framework",
				"${TARGET_BUILD_DIR}/${FRAMEWORKS_FOLDER_PATH}/GoogleUtilities.framework",
				"${TARGET_BUILD_DIR}/${FRAMEWORKS_FOLDER_PATH}/Kingfisher.framework",
				"${TARGET_BUILD_DIR}/${FRAMEWORKS_FOLDER_PATH}/NMapsMap.framework",
				"${TARGET_BUILD_DIR}/${FRAMEWORKS_FOLDER_PATH}/Protobuf.framework",
				"${TARGET_BUILD_DIR}/${FRAMEWORKS_FOLDER_PATH}/ReusableKit.framework",
				"${TARGET_BUILD_DIR}/${FRAMEWORKS_FOLDER_PATH}/RxAtomic.framework",
				"${TARGET_BUILD_DIR}/${FRAMEWORKS_FOLDER_PATH}/RxCocoa.framework",
				"${TARGET_BUILD_DIR}/${FRAMEWORKS_FOLDER_PATH}/RxSwift.framework",
				"${TARGET_BUILD_DIR}/${FRAMEWORKS_FOLDER_PATH}/SnapKit.framework",
				"${TARGET_BUILD_DIR}/${FRAMEWORKS_FOLDER_PATH}/TLPhotoPicker.framework",
				"${TARGET_BUILD_DIR}/${FRAMEWORKS_FOLDER_PATH}/Then.framework",
				"${TARGET_BUILD_DIR}/${FRAMEWORKS_FOLDER_PATH}/Toaster.framework",
				"${TARGET_BUILD_DIR}/${FRAMEWORKS_FOLDER_PATH}/grpcpp.framework",
				"${TARGET_BUILD_DIR}/${FRAMEWORKS_FOLDER_PATH}/grpc.framework",
				"${TARGET_BUILD_DIR}/${FRAMEWORKS_FOLDER_PATH}/leveldb.framework",
				"${TARGET_BUILD_DIR}/${FRAMEWORKS_FOLDER_PATH}/nanopb.framework",
			);
			runOnlyForDeploymentPostprocessing = 0;
			shellPath = /bin/sh;
			shellScript = "\"${SRCROOT}/Pods/Target Support Files/Pods-Burgers/Pods-Burgers-frameworks.sh\"\n";
			showEnvVarsInLog = 0;
		};
		728075B0442766CC51823760 /* [CP] Check Pods Manifest.lock */ = {
			isa = PBXShellScriptBuildPhase;
			buildActionMask = 2147483647;
			files = (
			);
			inputPaths = (
				"${PODS_PODFILE_DIR_PATH}/Podfile.lock",
				"${PODS_ROOT}/Manifest.lock",
			);
			name = "[CP] Check Pods Manifest.lock";
			outputPaths = (
				"$(DERIVED_FILE_DIR)/Pods-Burgers-checkManifestLockResult.txt",
			);
			runOnlyForDeploymentPostprocessing = 0;
			shellPath = /bin/sh;
			shellScript = "diff \"${PODS_PODFILE_DIR_PATH}/Podfile.lock\" \"${PODS_ROOT}/Manifest.lock\" > /dev/null\nif [ $? != 0 ] ; then\n    # print error to STDERR\n    echo \"error: The sandbox is not in sync with the Podfile.lock. Run 'pod install' or update your CocoaPods installation.\" >&2\n    exit 1\nfi\n# This output is used by Xcode 'outputs' to avoid re-running this script phase.\necho \"SUCCESS\" > \"${SCRIPT_OUTPUT_FILE_0}\"\n";
			showEnvVarsInLog = 0;
		};
		C93E12F419F8CD78CAD99609 /* [CP] Check Pods Manifest.lock */ = {
			isa = PBXShellScriptBuildPhase;
			buildActionMask = 2147483647;
			files = (
			);
			inputPaths = (
				"${PODS_PODFILE_DIR_PATH}/Podfile.lock",
				"${PODS_ROOT}/Manifest.lock",
			);
			name = "[CP] Check Pods Manifest.lock";
			outputPaths = (
				"$(DERIVED_FILE_DIR)/Pods-BurgersTests-checkManifestLockResult.txt",
			);
			runOnlyForDeploymentPostprocessing = 0;
			shellPath = /bin/sh;
			shellScript = "diff \"${PODS_PODFILE_DIR_PATH}/Podfile.lock\" \"${PODS_ROOT}/Manifest.lock\" > /dev/null\nif [ $? != 0 ] ; then\n    # print error to STDERR\n    echo \"error: The sandbox is not in sync with the Podfile.lock. Run 'pod install' or update your CocoaPods installation.\" >&2\n    exit 1\nfi\n# This output is used by Xcode 'outputs' to avoid re-running this script phase.\necho \"SUCCESS\" > \"${SCRIPT_OUTPUT_FILE_0}\"\n";
			showEnvVarsInLog = 0;
		};
/* End PBXShellScriptBuildPhase section */

/* Begin PBXSourcesBuildPhase section */
		6F79A0352223DB250030AAD4 /* Sources */ = {
			isa = PBXSourcesBuildPhase;
			buildActionMask = 2147483647;
			files = (
				6F4988582247A88A00222E18 /* PostDetailViewModel.swift in Sources */,
				6F4988562247A87F00222E18 /* PostViewModel.swift in Sources */,
				6F8DCCF6223014B200C5B90E /* LoginViewController.swift in Sources */,
				6FD7D2E5222A3347005BBFEC /* PopularViewModel.swift in Sources */,
				6F8DCCF4223014A500C5B90E /* LoginViewModel.swift in Sources */,
				6FE3CBD32233A0D800F45C23 /* String+Validation.swift in Sources */,
				6FD7D2EF222A55DF005BBFEC /* Post.swift in Sources */,
				6F49884B22478DED00222E18 /* BaseViewController.swift in Sources */,
				6F941C06222400EB009E326F /* MapViewController.swift in Sources */,
				6FD7D2E7222A3351005BBFEC /* PopularViewController.swift in Sources */,
				6F8C8F152223FB6D005B76F9 /* SuggestedViewController.swift in Sources */,
				6F941C04222400E1009E326F /* MapViewModel.swift in Sources */,
				6FD7D2E2222A3335005BBFEC /* RecentViewModel.swift in Sources */,
				6F49885A2247A89400222E18 /* RestaurantViewModel.swift in Sources */,
				6F48FC1B2234038300A9AA33 /* Loading.swift in Sources */,
				6F4988652247D0DD00222E18 /* NaverAPIService.swift in Sources */,
				6F4988502247A86200222E18 /* PostViewController.swift in Sources */,
				6F941C00222400B3009E326F /* UserViewController.swift in Sources */,
				6F49885D2247CA0100222E18 /* Place.swift in Sources */,
				6F4988632247CCA400222E18 /* Meta.swift in Sources */,
				6FD7D2F4222A7321005BBFEC /* ServiceType.swift in Sources */,
				6FE9E440223145E100D961ED /* Window+SetRootView.swift in Sources */,
				6F8DCCF02230148C00C5B90E /* SplashViewController.swift in Sources */,
				6F3C50D122257C5700F1D465 /* String+Localized.swift in Sources */,
				6F48FC182233E91300A9AA33 /* UIButton+Indicator.swift in Sources */,
				6FC360D322352526005CFE3A /* DatabaseService.swift in Sources */,
				6F79A06C2223E6D30030AAD4 /* UIView+SafeArea.swift in Sources */,
				6FD7D2F2222A7307005BBFEC /* AuthService.swift in Sources */,
				6F1C6B6B224A7940008ACDE7 /* Reactive+UISearchBar.swift in Sources */,
				6FE3CBCF223396C200F45C23 /* SignUpViewController.swift in Sources */,
				6F79A03F2223DB250030AAD4 /* MainTabViewController.swift in Sources */,
				6F49885F2247CA1800222E18 /* PlaceResult.swift in Sources */,
				6FC360D72235287D005CFE3A /* RemoteConfigManager.swift in Sources */,
				6F4988542247A87500222E18 /* RestaurantViewController.swift in Sources */,
				6F4988612247CA3E00222E18 /* ModelType.swift in Sources */,
				6F4988522247A86B00222E18 /* PostDetailViewController.swift in Sources */,
				6FE3CBD1223396D700F45C23 /* SignUpViewModel.swift in Sources */,
				6F79A03D2223DB250030AAD4 /* AppDelegate.swift in Sources */,
				6F79A06A2223E14E0030AAD4 /* ViewType.swift in Sources */,
				6F8C8F172223FB91005B76F9 /* SuggestedViewModel.swift in Sources */,
				6F1C6B6D224A7950008ACDE7 /* UINavigationController+Pop.swift in Sources */,
				6FD7D2E9222A37AF005BBFEC /* BurgerPostCell.swift in Sources */,
				6F48FC142233E03800A9AA33 /* Logger.swift in Sources */,
				6F941C02222400CD009E326F /* UserViewModel.swift in Sources */,
				6FD7D2EB222A39F2005BBFEC /* UIColor+BaseColor.swift in Sources */,
				6F8DCCF22230149A00C5B90E /* SplashViewModel.swift in Sources */,
				6FD7D2E0222A3327005BBFEC /* RecentViewController.swift in Sources */,
				6F79A0682223E1360030AAD4 /* ViewModelType.swift in Sources */,
				6FD7D2ED222A41D2005BBFEC /* Reactive+UIViewController.swift in Sources */,
			);
			runOnlyForDeploymentPostprocessing = 0;
		};
		6F79A0492223DB260030AAD4 /* Sources */ = {
			isa = PBXSourcesBuildPhase;
			buildActionMask = 2147483647;
			files = (
				6F79A0522223DB260030AAD4 /* BurgersTests.swift in Sources */,
			);
			runOnlyForDeploymentPostprocessing = 0;
		};
/* End PBXSourcesBuildPhase section */

/* Begin PBXTargetDependency section */
		6F79A04F2223DB260030AAD4 /* PBXTargetDependency */ = {
			isa = PBXTargetDependency;
			target = 6F79A0382223DB250030AAD4 /* Burgers */;
			targetProxy = 6F79A04E2223DB260030AAD4 /* PBXContainerItemProxy */;
		};
/* End PBXTargetDependency section */

/* Begin PBXVariantGroup section */
		6F48FC212234176D00A9AA33 /* Localizable.strings */ = {
			isa = PBXVariantGroup;
			children = (
				6F48FC202234176D00A9AA33 /* en */,
				6F48FC23223417AE00A9AA33 /* ko */,
			);
			name = Localizable.strings;
			sourceTree = "<group>";
		};
		6F48FC26223417DF00A9AA33 /* Main.storyboard */ = {
			isa = PBXVariantGroup;
			children = (
				6F48FC25223417DF00A9AA33 /* Base */,
				6F48FC28223417E000A9AA33 /* ko */,
				6F919811223D13C300F42161 /* en */,
			);
			name = Main.storyboard;
			sourceTree = "<group>";
		};
		6F79A0452223DB260030AAD4 /* LaunchScreen.storyboard */ = {
			isa = PBXVariantGroup;
			children = (
				6F79A0462223DB260030AAD4 /* Base */,
				6F48FC22223417AE00A9AA33 /* ko */,
				6F91980F223D13C000F42161 /* en */,
			);
			name = LaunchScreen.storyboard;
			sourceTree = "<group>";
		};
		6F919817223D146F00F42161 /* InfoPlist.strings */ = {
			isa = PBXVariantGroup;
			children = (
				6F919816223D146F00F42161 /* en */,
				6F919818223D147100F42161 /* ko */,
			);
			name = InfoPlist.strings;
			sourceTree = "<group>";
		};
/* End PBXVariantGroup section */

/* Begin XCBuildConfiguration section */
		6F79A0542223DB260030AAD4 /* Debug */ = {
			isa = XCBuildConfiguration;
			buildSettings = {
				ALWAYS_SEARCH_USER_PATHS = NO;
				CLANG_ANALYZER_LOCALIZABILITY_NONLOCALIZED = YES;
				CLANG_ANALYZER_NONNULL = YES;
				CLANG_ANALYZER_NUMBER_OBJECT_CONVERSION = YES_AGGRESSIVE;
				CLANG_CXX_LANGUAGE_STANDARD = "gnu++14";
				CLANG_CXX_LIBRARY = "libc++";
				CLANG_ENABLE_MODULES = YES;
				CLANG_ENABLE_OBJC_ARC = YES;
				CLANG_ENABLE_OBJC_WEAK = YES;
				CLANG_WARN_BLOCK_CAPTURE_AUTORELEASING = YES;
				CLANG_WARN_BOOL_CONVERSION = YES;
				CLANG_WARN_COMMA = YES;
				CLANG_WARN_CONSTANT_CONVERSION = YES;
				CLANG_WARN_DEPRECATED_OBJC_IMPLEMENTATIONS = YES;
				CLANG_WARN_DIRECT_OBJC_ISA_USAGE = YES_ERROR;
				CLANG_WARN_DOCUMENTATION_COMMENTS = YES;
				CLANG_WARN_EMPTY_BODY = YES;
				CLANG_WARN_ENUM_CONVERSION = YES;
				CLANG_WARN_INFINITE_RECURSION = YES;
				CLANG_WARN_INT_CONVERSION = YES;
				CLANG_WARN_NON_LITERAL_NULL_CONVERSION = YES;
				CLANG_WARN_OBJC_IMPLICIT_RETAIN_SELF = YES;
				CLANG_WARN_OBJC_LITERAL_CONVERSION = YES;
				CLANG_WARN_OBJC_ROOT_CLASS = YES_ERROR;
				CLANG_WARN_RANGE_LOOP_ANALYSIS = YES;
				CLANG_WARN_STRICT_PROTOTYPES = YES;
				CLANG_WARN_SUSPICIOUS_MOVE = YES;
				CLANG_WARN_UNGUARDED_AVAILABILITY = YES_AGGRESSIVE;
				CLANG_WARN_UNREACHABLE_CODE = YES;
				CLANG_WARN__DUPLICATE_METHOD_MATCH = YES;
				CODE_SIGN_IDENTITY = "iPhone Developer";
				COPY_PHASE_STRIP = NO;
				DEBUG_INFORMATION_FORMAT = dwarf;
				ENABLE_STRICT_OBJC_MSGSEND = YES;
				ENABLE_TESTABILITY = YES;
				GCC_C_LANGUAGE_STANDARD = gnu11;
				GCC_DYNAMIC_NO_PIC = NO;
				GCC_NO_COMMON_BLOCKS = YES;
				GCC_OPTIMIZATION_LEVEL = 0;
				GCC_PREPROCESSOR_DEFINITIONS = (
					"DEBUG=1",
					"$(inherited)",
				);
				GCC_WARN_64_TO_32_BIT_CONVERSION = YES;
				GCC_WARN_ABOUT_RETURN_TYPE = YES_ERROR;
				GCC_WARN_UNDECLARED_SELECTOR = YES;
				GCC_WARN_UNINITIALIZED_AUTOS = YES_AGGRESSIVE;
				GCC_WARN_UNUSED_FUNCTION = YES;
				GCC_WARN_UNUSED_VARIABLE = YES;
				IPHONEOS_DEPLOYMENT_TARGET = 12.0;
				MTL_ENABLE_DEBUG_INFO = INCLUDE_SOURCE;
				MTL_FAST_MATH = YES;
				ONLY_ACTIVE_ARCH = YES;
				SDKROOT = iphoneos;
				SWIFT_ACTIVE_COMPILATION_CONDITIONS = DEBUG;
				SWIFT_OPTIMIZATION_LEVEL = "-Onone";
			};
			name = Debug;
		};
		6F79A0552223DB260030AAD4 /* Release */ = {
			isa = XCBuildConfiguration;
			buildSettings = {
				ALWAYS_SEARCH_USER_PATHS = NO;
				CLANG_ANALYZER_LOCALIZABILITY_NONLOCALIZED = YES;
				CLANG_ANALYZER_NONNULL = YES;
				CLANG_ANALYZER_NUMBER_OBJECT_CONVERSION = YES_AGGRESSIVE;
				CLANG_CXX_LANGUAGE_STANDARD = "gnu++14";
				CLANG_CXX_LIBRARY = "libc++";
				CLANG_ENABLE_MODULES = YES;
				CLANG_ENABLE_OBJC_ARC = YES;
				CLANG_ENABLE_OBJC_WEAK = YES;
				CLANG_WARN_BLOCK_CAPTURE_AUTORELEASING = YES;
				CLANG_WARN_BOOL_CONVERSION = YES;
				CLANG_WARN_COMMA = YES;
				CLANG_WARN_CONSTANT_CONVERSION = YES;
				CLANG_WARN_DEPRECATED_OBJC_IMPLEMENTATIONS = YES;
				CLANG_WARN_DIRECT_OBJC_ISA_USAGE = YES_ERROR;
				CLANG_WARN_DOCUMENTATION_COMMENTS = YES;
				CLANG_WARN_EMPTY_BODY = YES;
				CLANG_WARN_ENUM_CONVERSION = YES;
				CLANG_WARN_INFINITE_RECURSION = YES;
				CLANG_WARN_INT_CONVERSION = YES;
				CLANG_WARN_NON_LITERAL_NULL_CONVERSION = YES;
				CLANG_WARN_OBJC_IMPLICIT_RETAIN_SELF = YES;
				CLANG_WARN_OBJC_LITERAL_CONVERSION = YES;
				CLANG_WARN_OBJC_ROOT_CLASS = YES_ERROR;
				CLANG_WARN_RANGE_LOOP_ANALYSIS = YES;
				CLANG_WARN_STRICT_PROTOTYPES = YES;
				CLANG_WARN_SUSPICIOUS_MOVE = YES;
				CLANG_WARN_UNGUARDED_AVAILABILITY = YES_AGGRESSIVE;
				CLANG_WARN_UNREACHABLE_CODE = YES;
				CLANG_WARN__DUPLICATE_METHOD_MATCH = YES;
				CODE_SIGN_IDENTITY = "iPhone Developer";
				COPY_PHASE_STRIP = NO;
				DEBUG_INFORMATION_FORMAT = "dwarf-with-dsym";
				ENABLE_NS_ASSERTIONS = NO;
				ENABLE_STRICT_OBJC_MSGSEND = YES;
				GCC_C_LANGUAGE_STANDARD = gnu11;
				GCC_NO_COMMON_BLOCKS = YES;
				GCC_WARN_64_TO_32_BIT_CONVERSION = YES;
				GCC_WARN_ABOUT_RETURN_TYPE = YES_ERROR;
				GCC_WARN_UNDECLARED_SELECTOR = YES;
				GCC_WARN_UNINITIALIZED_AUTOS = YES_AGGRESSIVE;
				GCC_WARN_UNUSED_FUNCTION = YES;
				GCC_WARN_UNUSED_VARIABLE = YES;
				IPHONEOS_DEPLOYMENT_TARGET = 12.0;
				MTL_ENABLE_DEBUG_INFO = NO;
				MTL_FAST_MATH = YES;
				SDKROOT = iphoneos;
				SWIFT_COMPILATION_MODE = wholemodule;
				SWIFT_OPTIMIZATION_LEVEL = "-O";
				VALIDATE_PRODUCT = YES;
			};
			name = Release;
		};
		6F79A0572223DB260030AAD4 /* Debug */ = {
			isa = XCBuildConfiguration;
			baseConfigurationReference = 6D286A01AC7F45F622D37F92 /* Pods-Burgers.debug.xcconfig */;
			buildSettings = {
				ASSETCATALOG_COMPILER_APPICON_NAME = AppIcon;
				CODE_SIGN_STYLE = Automatic;
				DEBUG_INFORMATION_FORMAT = "dwarf-with-dsym";
				DEVELOPMENT_TEAM = 775V28HZUA;
				ENABLE_BITCODE = NO;
				INFOPLIST_FILE = "$(SRCROOT)/Burgers/Resources/Info.plist";
				IPHONEOS_DEPLOYMENT_TARGET = 11.0;
				LD_RUNPATH_SEARCH_PATHS = (
					"$(inherited)",
					"@executable_path/Frameworks",
				);
				PRODUCT_BUNDLE_IDENTIFIER = kr.tjy.Burgers;
				PRODUCT_NAME = "$(TARGET_NAME)";
				SWIFT_REFLECTION_METADATA_LEVEL = all;
				SWIFT_VERSION = 4.2;
				TARGETED_DEVICE_FAMILY = "1,2";
			};
			name = Debug;
		};
		6F79A0582223DB260030AAD4 /* Release */ = {
			isa = XCBuildConfiguration;
			baseConfigurationReference = 1FE6FA2F289EEA03AF359992 /* Pods-Burgers.release.xcconfig */;
			buildSettings = {
				ASSETCATALOG_COMPILER_APPICON_NAME = AppIcon;
				CODE_SIGN_STYLE = Automatic;
				DEVELOPMENT_TEAM = 775V28HZUA;
				ENABLE_BITCODE = NO;
				INFOPLIST_FILE = "$(SRCROOT)/Burgers/Resources/Info.plist";
				IPHONEOS_DEPLOYMENT_TARGET = 11.0;
				LD_RUNPATH_SEARCH_PATHS = (
					"$(inherited)",
					"@executable_path/Frameworks",
				);
				PRODUCT_BUNDLE_IDENTIFIER = kr.tjy.Burgers;
				PRODUCT_NAME = "$(TARGET_NAME)";
				SWIFT_REFLECTION_METADATA_LEVEL = all;
				SWIFT_VERSION = 4.2;
				TARGETED_DEVICE_FAMILY = "1,2";
			};
			name = Release;
		};
		6F79A05A2223DB260030AAD4 /* Debug */ = {
			isa = XCBuildConfiguration;
			baseConfigurationReference = FEC87D158B838582532254CA /* Pods-BurgersTests.debug.xcconfig */;
			buildSettings = {
				ALWAYS_EMBED_SWIFT_STANDARD_LIBRARIES = YES;
				BUNDLE_LOADER = "$(TEST_HOST)";
				CODE_SIGN_STYLE = Automatic;
				DEVELOPMENT_TEAM = 775V28HZUA;
				INFOPLIST_FILE = BurgersTests/Info.plist;
				LD_RUNPATH_SEARCH_PATHS = (
					"$(inherited)",
					"@executable_path/Frameworks",
					"@loader_path/Frameworks",
				);
				PRODUCT_BUNDLE_IDENTIFIER = kr.tjy.BurgersTests;
				PRODUCT_NAME = "$(TARGET_NAME)";
				SWIFT_VERSION = 4.2;
				TARGETED_DEVICE_FAMILY = "1,2";
				TEST_HOST = "$(BUILT_PRODUCTS_DIR)/Burgers.app/Burgers";
			};
			name = Debug;
		};
		6F79A05B2223DB260030AAD4 /* Release */ = {
			isa = XCBuildConfiguration;
			baseConfigurationReference = 4A6ABEBCB65CF7671608D432 /* Pods-BurgersTests.release.xcconfig */;
			buildSettings = {
				ALWAYS_EMBED_SWIFT_STANDARD_LIBRARIES = YES;
				BUNDLE_LOADER = "$(TEST_HOST)";
				CODE_SIGN_STYLE = Automatic;
				DEVELOPMENT_TEAM = 775V28HZUA;
				INFOPLIST_FILE = BurgersTests/Info.plist;
				LD_RUNPATH_SEARCH_PATHS = (
					"$(inherited)",
					"@executable_path/Frameworks",
					"@loader_path/Frameworks",
				);
				PRODUCT_BUNDLE_IDENTIFIER = kr.tjy.BurgersTests;
				PRODUCT_NAME = "$(TARGET_NAME)";
				SWIFT_VERSION = 4.2;
				TARGETED_DEVICE_FAMILY = "1,2";
				TEST_HOST = "$(BUILT_PRODUCTS_DIR)/Burgers.app/Burgers";
			};
			name = Release;
		};
/* End XCBuildConfiguration section */

/* Begin XCConfigurationList section */
		6F79A0342223DB250030AAD4 /* Build configuration list for PBXProject "Burgers" */ = {
			isa = XCConfigurationList;
			buildConfigurations = (
				6F79A0542223DB260030AAD4 /* Debug */,
				6F79A0552223DB260030AAD4 /* Release */,
			);
			defaultConfigurationIsVisible = 0;
			defaultConfigurationName = Release;
		};
		6F79A0562223DB260030AAD4 /* Build configuration list for PBXNativeTarget "Burgers" */ = {
			isa = XCConfigurationList;
			buildConfigurations = (
				6F79A0572223DB260030AAD4 /* Debug */,
				6F79A0582223DB260030AAD4 /* Release */,
			);
			defaultConfigurationIsVisible = 0;
			defaultConfigurationName = Release;
		};
		6F79A0592223DB260030AAD4 /* Build configuration list for PBXNativeTarget "BurgersTests" */ = {
			isa = XCConfigurationList;
			buildConfigurations = (
				6F79A05A2223DB260030AAD4 /* Debug */,
				6F79A05B2223DB260030AAD4 /* Release */,
			);
			defaultConfigurationIsVisible = 0;
			defaultConfigurationName = Release;
		};
/* End XCConfigurationList section */
	};
	rootObject = 6F79A0312223DB250030AAD4 /* Project object */;
}
