PODS:
  - Alamofire (4.7.3)
  - Kingfisher (4.9.0)
  - ReusableKit (2.0.1):
    - ReusableKit/Core (= 2.0.1)
  - ReusableKit/Core (2.0.1)
  - RxCocoa (4.3.0):
    - RxSwift (~> 4.0)
  - RxSwift (4.3.0)
  - SnapKit (4.0.0)
  - Then (2.3.0)

DEPENDENCIES:
  - Alamofire
  - Kingfisher
  - ReusableKit
  - RxCocoa
  - RxSwift
  - SnapKit
  - Then

SPEC REPOS:
  https://github.com/cocoapods/specs.git:
    - Alamofire
    - Kingfisher
    - ReusableKit
    - RxCocoa
    - RxSwift
    - SnapKit
    - Then

SPEC CHECKSUMS:
  Alamofire: c7287b6e5d7da964a70935e5db17046b7fde6568
  Kingfisher: 64539b51826b778206daa6ed815d12653caa69dd
  ReusableKit: 11b5bde14553a35bcf3979412dbfd1e690392f14
  RxCocoa: 71b9cce833fbcb89a8eec11816dd225830c2bd3c
  RxSwift: a9717a34df3179fe63563f76e046ad345078dd3a
  SnapKit: a42d492c16e80209130a3379f73596c3454b7694
  Then: ee21c97b85ff6062b9b0080c9abb1eea46743345

PODFILE CHECKSUM: 8bd52704165c357988f268bed15d5191e3142647

COCOAPODS: 1.5.3
